{
  "name": "stone-crusher-management-erp",
  "lockfileVersion": 3,
  "requires": true,
  "packages": {
    "": {
      "dependencies": {
        "file-saver-es": "^2.0.5"
      }
    },
    "node_modules/file-saver-es": {
      "version": "2.0.5",
      "resolved": "https://registry.npmjs.org/file-saver-es/-/file-saver-es-2.0.5.tgz",
      "integrity": "sha512-Kg0lt+is9nOyi/VDms9miScNGot25jVFbjFccXuCL/shd2Q+rt70MALxHVkXllsX83JEBLiHQNjDPGd/6FIOoQ=="
    }
  }
}
